
Microsoft Visual Studio Solution File, Format Version 11.00
# Visual Studio 2010
Project("{FAE04EC0-301F-11D3-BF4B-00C04F79EFBC}") = "SAS.MacroViewer", "SAS.MacroViewer.csproj", "{36CE9C2B-28A7-41EF-B237-843E636D86BA}"
EndProject
Global
	GlobalSection(SolutionConfigurationPlatforms) = preSolution
		Debug|Any CPU = Debug|Any CPU
		Release|Any CPU = Release|Any CPU
	EndGlobalSection
	GlobalSection(ProjectConfigurationPlatforms) = postSolution
		{36CE9C2B-28A7-41EF-B237-843E636D86BA}.Debug|Any CPU.ActiveCfg = Debug|Any CPU
		{36CE9C2B-28A7-41EF-B237-843E636D86BA}.Debug|Any CPU.Build.0 = Debug|Any CPU
		{36CE9C2B-28A7-41EF-B237-843E636D86BA}.Release|Any CPU.ActiveCfg = Debug|Any CPU
		{36CE9C2B-28A7-41EF-B237-843E636D86BA}.Release|Any CPU.Build.0 = Debug|Any CPU
	EndGlobalSection
	GlobalSection(SolutionProperties) = preSolution
		HideSolutionNode = FALSE
	EndGlobalSection
EndGlobal
